# DO NOT EDIT - This GitHub Workflow is managed by automation
# https://github.com/hashicorp/terraform-devex-repos
name: 'Lock Threads'

on:
  schedule:
    - cron: '43 20 * * *'

permissions:
  issues: write
  pull-requests: write
  discussions: write

jobs:
  lock:
    runs-on: ubuntu-latest
    steps:
      - uses: dessant/lock-threads@851cffe46851ddd2051ea7147ebdc995113241c3 # v6.0.1
        with:
          github-token: ${{ github.token }}
          issue-inactive-days: '30'
          issue-lock-reason: resolved
          pr-inactive-days: '30'
          pr-lock-reason: resolved
